
Microsoft Visual Studio Solution File, Format Version 12.00
# Visual Studio 15
VisualStudioVersion = 15.0.28307.572
MinimumVisualStudioVersion = 10.0.40219.1
Project("{F184B08F-C81C-45F6-A57F-5ABD9991F28F}") = "ByInternalToByName", "ByInternalToByName\ByInternalToByName.vbproj", "{9B28468E-24A1-45E1-B4FF-447C596029BE}"
EndProject
Global
	GlobalSection(SolutionConfigurationPlatforms) = preSolution
		Debug|Any CPU = Debug|Any CPU
		Release|Any CPU = Release|Any CPU
	EndGlobalSection
	GlobalSection(ProjectConfigurationPlatforms) = postSolution
		{9B28468E-24A1-45E1-B4FF-447C596029BE}.Debug|Any CPU.ActiveCfg = Debug|Any CPU
		{9B28468E-24A1-45E1-B4FF-447C596029BE}.Debug|Any CPU.Build.0 = Debug|Any CPU
		{9B28468E-24A1-45E1-B4FF-447C596029BE}.Release|Any CPU.ActiveCfg = Release|Any CPU
		{9B28468E-24A1-45E1-B4FF-447C596029BE}.Release|Any CPU.Build.0 = Release|Any CPU
	EndGlobalSection
	GlobalSection(SolutionProperties) = preSolution
		HideSolutionNode = FALSE
	EndGlobalSection
	GlobalSection(ExtensibilityGlobals) = postSolution
		SolutionGuid = {39AE0AFF-B794-4E10-BDDD-677851161D82}
	EndGlobalSection
EndGlobal
